
Microsoft Visual Studio Solution File, Format Version 12.00
# Visual Studio 15
Project("{FAE04EC0-301F-11D3-BF4B-00C04F79EFBC}") = "Assembly-CSharp", "Assembly-CSharp.csproj", "{C7E8527C-E122-23BF-BB59-A3835A9716F5}"
EndProject
Project("{FAE04EC0-301F-11D3-BF4B-00C04F79EFBC}") = "Assembly-CSharp-Editor", "Assembly-CSharp-Editor.csproj", "{096D5F94-C2BF-AE13-7CFB-3AD3B07B48D8}"
EndProject
Global
	GlobalSection(SolutionConfigurationPlatforms) = preSolution
		Debug|Any CPU = Debug|Any CPU
		Release|Any CPU = Release|Any CPU
	EndGlobalSection
	GlobalSection(ProjectConfigurationPlatforms) = postSolution
		{C7E8527C-E122-23BF-BB59-A3835A9716F5}.Debug|Any CPU.ActiveCfg = Debug|Any CPU
		{C7E8527C-E122-23BF-BB59-A3835A9716F5}.Debug|Any CPU.Build.0 = Debug|Any CPU
		{C7E8527C-E122-23BF-BB59-A3835A9716F5}.Release|Any CPU.ActiveCfg = Release|Any CPU
		{C7E8527C-E122-23BF-BB59-A3835A9716F5}.Release|Any CPU.Build.0 = Release|Any CPU
		{096D5F94-C2BF-AE13-7CFB-3AD3B07B48D8}.Debug|Any CPU.ActiveCfg = Debug|Any CPU
		{096D5F94-C2BF-AE13-7CFB-3AD3B07B48D8}.Debug|Any CPU.Build.0 = Debug|Any CPU
		{096D5F94-C2BF-AE13-7CFB-3AD3B07B48D8}.Release|Any CPU.ActiveCfg = Release|Any CPU
		{096D5F94-C2BF-AE13-7CFB-3AD3B07B48D8}.Release|Any CPU.Build.0 = Release|Any CPU
	EndGlobalSection
	GlobalSection(SolutionProperties) = preSolution
		HideSolutionNode = FALSE
	EndGlobalSection
EndGlobal
